
Microsoft Visual Studio Solution File, Format Version 12.00
# Visual Studio 14
VisualStudioVersion = 14.0.24720.0
MinimumVisualStudioVersion = 10.0.40219.1
Project("{FAE04EC0-301F-11D3-BF4B-00C04F79EFBC}") = "Back To The Future Application", "Back To The Future Application\Back To The Future Application.csproj", "{73E45C36-4E9C-459B-82B8-D6A428B988C5}"
EndProject
Global
	GlobalSection(SolutionConfigurationPlatforms) = preSolution
		Debug|Any CPU = Debug|Any CPU
		Release|Any CPU = Release|Any CPU
	EndGlobalSection
	GlobalSection(ProjectConfigurationPlatforms) = postSolution
		{73E45C36-4E9C-459B-82B8-D6A428B988C5}.Debug|Any CPU.ActiveCfg = Debug|Any CPU
		{73E45C36-4E9C-459B-82B8-D6A428B988C5}.Debug|Any CPU.Build.0 = Debug|Any CPU
		{73E45C36-4E9C-459B-82B8-D6A428B988C5}.Release|Any CPU.ActiveCfg = Release|Any CPU
		{73E45C36-4E9C-459B-82B8-D6A428B988C5}.Release|Any CPU.Build.0 = Release|Any CPU
	EndGlobalSection
	GlobalSection(SolutionProperties) = preSolution
		HideSolutionNode = FALSE
	EndGlobalSection
EndGlobal
